
Microsoft Visual Studio Solution File, Format Version 12.00
# Visual Studio 2013
VisualStudioVersion = 12.0.30501.0
MinimumVisualStudioVersion = 10.0.40219.1
Project("{2150E333-8FDC-42A3-9474-1A3956D46DE8}") = "Solution Items", "Solution Items", "{6D6D5782-3585-4E07-A0C6-6E9915C9E30F}"
	ProjectSection(SolutionItems) = preProject
		License.md = License.md
	EndProjectSection
EndProject
Project("{FAE04EC0-301F-11D3-BF4B-00C04F79EFBC}") = "FNPlugin", "FNPlugin\FNPlugin.csproj", "{DA39B46B-6655-437D-8526-9BD9C59D8457}"
EndProject
Global
	GlobalSection(SolutionConfigurationPlatforms) = preSolution
		Debug|Any CPU = Debug|Any CPU
		Release|Any CPU = Release|Any CPU
	EndGlobalSection
	GlobalSection(ProjectConfigurationPlatforms) = postSolution
		{DA39B46B-6655-437D-8526-9BD9C59D8457}.Debug|Any CPU.ActiveCfg = Debug|Any CPU
		{DA39B46B-6655-437D-8526-9BD9C59D8457}.Debug|Any CPU.Build.0 = Debug|Any CPU
		{DA39B46B-6655-437D-8526-9BD9C59D8457}.Release|Any CPU.ActiveCfg = Release|Any CPU
		{DA39B46B-6655-437D-8526-9BD9C59D8457}.Release|Any CPU.Build.0 = Release|Any CPU
	EndGlobalSection
	GlobalSection(SolutionProperties) = preSolution
		HideSolutionNode = FALSE
	EndGlobalSection
	GlobalSection(MonoDevelopProperties) = preSolution
		StartupItem = FNPlugin\WarpPlugin.csproj
	EndGlobalSection
EndGlobal
